
Microsoft Visual Studio Solution File, Format Version 12.00
# Visual Studio Version 16
VisualStudioVersion = 16.0.29905.134
MinimumVisualStudioVersion = 10.0.40219.1
Project("{FAE04EC0-301F-11D3-BF4B-00C04F79EFBC}") = "WebApplication1", "WebApplication1.csproj", "{3C37F913-116D-4407-BA88-5379A2FBB705}"
EndProject
Global
	GlobalSection(SolutionConfigurationPlatforms) = preSolution
		Debug|Any CPU = Debug|Any CPU
		Release|Any CPU = Release|Any CPU
	EndGlobalSection
	GlobalSection(ProjectConfigurationPlatforms) = postSolution
		{3C37F913-116D-4407-BA88-5379A2FBB705}.Debug|Any CPU.ActiveCfg = Debug|Any CPU
		{3C37F913-116D-4407-BA88-5379A2FBB705}.Debug|Any CPU.Build.0 = Debug|Any CPU
		{3C37F913-116D-4407-BA88-5379A2FBB705}.Release|Any CPU.ActiveCfg = Release|Any CPU
		{3C37F913-116D-4407-BA88-5379A2FBB705}.Release|Any CPU.Build.0 = Release|Any CPU
	EndGlobalSection
	GlobalSection(SolutionProperties) = preSolution
		HideSolutionNode = FALSE
	EndGlobalSection
	GlobalSection(ExtensibilityGlobals) = postSolution
		SolutionGuid = {1F139E98-A4BC-4B9F-88F0-7E5712809701}
	EndGlobalSection
EndGlobal
